
Microsoft Visual Studio Solution File, Format Version 12.00
# Visual Studio Version 17
VisualStudioVersion = 17.6.33815.320
MinimumVisualStudioVersion = 10.0.40219.1
Project("{FAE04EC0-301F-11D3-BF4B-00C04F79EFBC}") = "ObjectOrientedProgram", "ObjectOrientedProgram.csproj", "{BC0C0BA5-36C3-43C5-AD8D-0A76E4699EED}"
EndProject
Global
	GlobalSection(SolutionConfigurationPlatforms) = preSolution
		Debug|Any CPU = Debug|Any CPU
		Release|Any CPU = Release|Any CPU
	EndGlobalSection
	GlobalSection(ProjectConfigurationPlatforms) = postSolution
		{BC0C0BA5-36C3-43C5-AD8D-0A76E4699EED}.Debug|Any CPU.ActiveCfg = Debug|Any CPU
		{BC0C0BA5-36C3-43C5-AD8D-0A76E4699EED}.Debug|Any CPU.Build.0 = Debug|Any CPU
		{BC0C0BA5-36C3-43C5-AD8D-0A76E4699EED}.Release|Any CPU.ActiveCfg = Release|Any CPU
		{BC0C0BA5-36C3-43C5-AD8D-0A76E4699EED}.Release|Any CPU.Build.0 = Release|Any CPU
	EndGlobalSection
	GlobalSection(SolutionProperties) = preSolution
		HideSolutionNode = FALSE
	EndGlobalSection
	GlobalSection(ExtensibilityGlobals) = postSolution
		SolutionGuid = {73F82ECA-8FC7-4177-B814-EDC36EA91C77}
	EndGlobalSection
EndGlobal
